
Microsoft Visual Studio Solution File, Format Version 12.00
# Visual Studio Version 16
VisualStudioVersion = 16.0.32602.291
MinimumVisualStudioVersion = 10.0.40219.1
Project("{9A19103F-16F7-4668-BE54-9A1E7A4F7556}") = "Doctors Details", "Doctors Details\Doctors Details.csproj", "{A0519A2D-F2ED-41C8-A71C-334AC6981986}"
EndProject
Project("{9A19103F-16F7-4668-BE54-9A1E7A4F7556}") = "DapperDataAccessLayer", "DapperDataAccessLayer\DapperDataAccessLayer.csproj", "{17F991A8-2ED8-4DFD-B8C3-51E9F321EA08}"
EndProject
Global
	GlobalSection(SolutionConfigurationPlatforms) = preSolution
		Debug|Any CPU = Debug|Any CPU
		Release|Any CPU = Release|Any CPU
	EndGlobalSection
	GlobalSection(ProjectConfigurationPlatforms) = postSolution
		{A0519A2D-F2ED-41C8-A71C-334AC6981986}.Debug|Any CPU.ActiveCfg = Debug|Any CPU
		{A0519A2D-F2ED-41C8-A71C-334AC6981986}.Debug|Any CPU.Build.0 = Debug|Any CPU
		{A0519A2D-F2ED-41C8-A71C-334AC6981986}.Release|Any CPU.ActiveCfg = Release|Any CPU
		{A0519A2D-F2ED-41C8-A71C-334AC6981986}.Release|Any CPU.Build.0 = Release|Any CPU
		{17F991A8-2ED8-4DFD-B8C3-51E9F321EA08}.Debug|Any CPU.ActiveCfg = Debug|Any CPU
		{17F991A8-2ED8-4DFD-B8C3-51E9F321EA08}.Debug|Any CPU.Build.0 = Debug|Any CPU
		{17F991A8-2ED8-4DFD-B8C3-51E9F321EA08}.Release|Any CPU.ActiveCfg = Release|Any CPU
		{17F991A8-2ED8-4DFD-B8C3-51E9F321EA08}.Release|Any CPU.Build.0 = Release|Any CPU
	EndGlobalSection
	GlobalSection(SolutionProperties) = preSolution
		HideSolutionNode = FALSE
	EndGlobalSection
	GlobalSection(ExtensibilityGlobals) = postSolution
		SolutionGuid = {AD734E04-F010-4916-BFFB-EA4E829F07BC}
	EndGlobalSection
EndGlobal
